
Microsoft Visual Studio Solution File, Format Version 12.00
# Visual Studio Version 16
VisualStudioVersion = 16.0.31702.278
MinimumVisualStudioVersion = 10.0.40219.1
Project("{9A19103F-16F7-4668-BE54-9A1E7A4F7556}") = "onboarding.api", "onboarding.api\onboarding.api.csproj", "{DA787220-84D9-430A-AAB4-E1792E58C427}"
EndProject
Project("{9A19103F-16F7-4668-BE54-9A1E7A4F7556}") = "onboarding.bll", "onboarding.bll\onboarding.bll.csproj", "{4C37F26E-EF96-4ED9-BE4C-EE8D800738CD}"
EndProject
Project("{9A19103F-16F7-4668-BE54-9A1E7A4F7556}") = "onboarding.dal", "onboarding.dal\onboarding.dal.csproj", "{B052F3E9-3EE1-48C8-A12A-43860203B3D0}"
EndProject
Project("{9A19103F-16F7-4668-BE54-9A1E7A4F7556}") = "Scheduler", "Scheduler\Scheduler.csproj", "{BAC2C7F5-F20E-4F3D-A80B-766750166A6C}"
EndProject
Project("{9A19103F-16F7-4668-BE54-9A1E7A4F7556}") = "External", "External\External.csproj", "{4461E93D-A929-46D1-9211-5329304C628D}"
EndProject
Project("{FAE04EC0-301F-11D3-BF4B-00C04F79EFBC}") = "onboarding.bll.Test", "onboarding.bll.Test\onboarding.bll.Test.csproj", "{CDDBBB45-3CA9-4EC7-AC29-705F2BB4720D}"
EndProject
Global
	GlobalSection(SolutionConfigurationPlatforms) = preSolution
		Debug|Any CPU = Debug|Any CPU
		Release|Any CPU = Release|Any CPU
	EndGlobalSection
	GlobalSection(ProjectConfigurationPlatforms) = postSolution
		{DA787220-84D9-430A-AAB4-E1792E58C427}.Debug|Any CPU.ActiveCfg = Debug|Any CPU
		{DA787220-84D9-430A-AAB4-E1792E58C427}.Debug|Any CPU.Build.0 = Debug|Any CPU
		{DA787220-84D9-430A-AAB4-E1792E58C427}.Release|Any CPU.ActiveCfg = Release|Any CPU
		{DA787220-84D9-430A-AAB4-E1792E58C427}.Release|Any CPU.Build.0 = Release|Any CPU
		{4C37F26E-EF96-4ED9-BE4C-EE8D800738CD}.Debug|Any CPU.ActiveCfg = Debug|Any CPU
		{4C37F26E-EF96-4ED9-BE4C-EE8D800738CD}.Debug|Any CPU.Build.0 = Debug|Any CPU
		{4C37F26E-EF96-4ED9-BE4C-EE8D800738CD}.Release|Any CPU.ActiveCfg = Release|Any CPU
		{4C37F26E-EF96-4ED9-BE4C-EE8D800738CD}.Release|Any CPU.Build.0 = Release|Any CPU
		{B052F3E9-3EE1-48C8-A12A-43860203B3D0}.Debug|Any CPU.ActiveCfg = Debug|Any CPU
		{B052F3E9-3EE1-48C8-A12A-43860203B3D0}.Debug|Any CPU.Build.0 = Debug|Any CPU
		{B052F3E9-3EE1-48C8-A12A-43860203B3D0}.Release|Any CPU.ActiveCfg = Release|Any CPU
		{B052F3E9-3EE1-48C8-A12A-43860203B3D0}.Release|Any CPU.Build.0 = Release|Any CPU
		{BAC2C7F5-F20E-4F3D-A80B-766750166A6C}.Debug|Any CPU.ActiveCfg = Debug|Any CPU
		{BAC2C7F5-F20E-4F3D-A80B-766750166A6C}.Debug|Any CPU.Build.0 = Debug|Any CPU
		{BAC2C7F5-F20E-4F3D-A80B-766750166A6C}.Release|Any CPU.ActiveCfg = Release|Any CPU
		{BAC2C7F5-F20E-4F3D-A80B-766750166A6C}.Release|Any CPU.Build.0 = Release|Any CPU
		{4461E93D-A929-46D1-9211-5329304C628D}.Debug|Any CPU.ActiveCfg = Debug|Any CPU
		{4461E93D-A929-46D1-9211-5329304C628D}.Debug|Any CPU.Build.0 = Debug|Any CPU
		{4461E93D-A929-46D1-9211-5329304C628D}.Release|Any CPU.ActiveCfg = Release|Any CPU
		{4461E93D-A929-46D1-9211-5329304C628D}.Release|Any CPU.Build.0 = Release|Any CPU
		{CDDBBB45-3CA9-4EC7-AC29-705F2BB4720D}.Debug|Any CPU.ActiveCfg = Debug|Any CPU
		{CDDBBB45-3CA9-4EC7-AC29-705F2BB4720D}.Debug|Any CPU.Build.0 = Debug|Any CPU
		{CDDBBB45-3CA9-4EC7-AC29-705F2BB4720D}.Release|Any CPU.ActiveCfg = Release|Any CPU
		{CDDBBB45-3CA9-4EC7-AC29-705F2BB4720D}.Release|Any CPU.Build.0 = Release|Any CPU
	EndGlobalSection
	GlobalSection(SolutionProperties) = preSolution
		HideSolutionNode = FALSE
	EndGlobalSection
	GlobalSection(ExtensibilityGlobals) = postSolution
		SolutionGuid = {2EFC81B8-4F3B-4E24-8F1F-AE9F3E1A0CCF}
	EndGlobalSection
EndGlobal
